
Microsoft Visual Studio Solution File, Format Version 10.00
# Visual Studio 2008
Project("{2150E333-8FDC-42A3-9474-1A3956D46DE8}") = "Solution Items", "Solution Items", "{2336F939-2BE4-44C0-9D4E-4343F73A9FA3}"
	ProjectSection(SolutionItems) = preProject
		scratchpad.txt = scratchpad.txt
	EndProjectSection
EndProject
Project("{FAE04EC0-301F-11D3-BF4B-00C04F79EFBC}") = "Nivot.PowerShell.SharePoint", "SharePointPSProvider\Nivot.PowerShell.SharePoint.csproj", "{88361834-06E6-4BB1-B981-994C58D44A61}"
EndProject
Project("{FAE04EC0-301F-11D3-BF4B-00C04F79EFBC}") = "Nivot.PowerShell.SharePoint.Office11", "SharePoint11ObjectModel\Nivot.PowerShell.SharePoint.Office11.csproj", "{7E2F6B75-7DA5-433C-BF4E-714D9BF2C960}"
EndProject
Project("{FAE04EC0-301F-11D3-BF4B-00C04F79EFBC}") = "Nivot.PowerShell.SharePoint.Office12", "SharePoint12ObjectModel\Nivot.PowerShell.SharePoint.Office12.csproj", "{E51DBDC4-2D3D-4337-9471-4C89301C0FE9}"
EndProject
Project("{FAE04EC0-301F-11D3-BF4B-00C04F79EFBC}") = "SharePointObjectModel", "SharePointObjectModel\SharePointObjectModel.csproj", "{35B99B03-C523-4E01-AF57-EC3CE000CAC1}"
EndProject
Project("{FAE04EC0-301F-11D3-BF4B-00C04F79EFBC}") = "FrontPageRPC", "FrontPageRPC\FrontPageRPC.csproj", "{E4C0BB1B-0234-4D3F-80D4-483BD89E4387}"
EndProject
Global
	GlobalSection(TeamFoundationVersionControl) = preSolution
		SccNumberOfProjects = 6
		SccEnterpriseProvider = {4CA58AB2-18FA-4F8D-95D4-32DDF27D184C}
		SccTeamFoundationServer = https://tfs01.codeplex.com/
		SccLocalPath0 = .
		SccProjectUniqueName1 = SharePointPSProvider\\Nivot.PowerShell.SharePoint.csproj
		SccProjectName1 = SharePointPSProvider
		SccLocalPath1 = SharePointPSProvider
		SccProjectUniqueName2 = SharePoint11ObjectModel\\Nivot.PowerShell.SharePoint.Office11.csproj
		SccProjectName2 = SharePoint11ObjectModel
		SccLocalPath2 = SharePoint11ObjectModel
		SccProjectUniqueName3 = SharePoint12ObjectModel\\Nivot.PowerShell.SharePoint.Office12.csproj
		SccProjectName3 = SharePoint12ObjectModel
		SccLocalPath3 = SharePoint12ObjectModel
		SccProjectUniqueName4 = SharePointObjectModel\\SharePointObjectModel.csproj
		SccProjectName4 = SharePointObjectModel
		SccLocalPath4 = SharePointObjectModel
		SccProjectUniqueName5 = FrontPageRPC\\FrontPageRPC.csproj
		SccProjectName5 = FrontPageRPC
		SccLocalPath5 = FrontPageRPC
	EndGlobalSection
	GlobalSection(SolutionConfigurationPlatforms) = preSolution
		Debug|Any CPU = Debug|Any CPU
		Release|Any CPU = Release|Any CPU
	EndGlobalSection
	GlobalSection(ProjectConfigurationPlatforms) = postSolution
		{88361834-06E6-4BB1-B981-994C58D44A61}.Debug|Any CPU.ActiveCfg = Debug|Any CPU
		{88361834-06E6-4BB1-B981-994C58D44A61}.Debug|Any CPU.Build.0 = Debug|Any CPU
		{88361834-06E6-4BB1-B981-994C58D44A61}.Release|Any CPU.ActiveCfg = Release|Any CPU
		{88361834-06E6-4BB1-B981-994C58D44A61}.Release|Any CPU.Build.0 = Release|Any CPU
		{7E2F6B75-7DA5-433C-BF4E-714D9BF2C960}.Debug|Any CPU.ActiveCfg = Debug|Any CPU
		{7E2F6B75-7DA5-433C-BF4E-714D9BF2C960}.Debug|Any CPU.Build.0 = Debug|Any CPU
		{7E2F6B75-7DA5-433C-BF4E-714D9BF2C960}.Release|Any CPU.ActiveCfg = Release|Any CPU
		{7E2F6B75-7DA5-433C-BF4E-714D9BF2C960}.Release|Any CPU.Build.0 = Release|Any CPU
		{E51DBDC4-2D3D-4337-9471-4C89301C0FE9}.Debug|Any CPU.ActiveCfg = Debug|Any CPU
		{E51DBDC4-2D3D-4337-9471-4C89301C0FE9}.Debug|Any CPU.Build.0 = Debug|Any CPU
		{E51DBDC4-2D3D-4337-9471-4C89301C0FE9}.Release|Any CPU.ActiveCfg = Release|Any CPU
		{E51DBDC4-2D3D-4337-9471-4C89301C0FE9}.Release|Any CPU.Build.0 = Release|Any CPU
		{35B99B03-C523-4E01-AF57-EC3CE000CAC1}.Debug|Any CPU.ActiveCfg = Debug|Any CPU
		{35B99B03-C523-4E01-AF57-EC3CE000CAC1}.Debug|Any CPU.Build.0 = Debug|Any CPU
		{35B99B03-C523-4E01-AF57-EC3CE000CAC1}.Release|Any CPU.ActiveCfg = Release|Any CPU
		{35B99B03-C523-4E01-AF57-EC3CE000CAC1}.Release|Any CPU.Build.0 = Release|Any CPU
		{E4C0BB1B-0234-4D3F-80D4-483BD89E4387}.Debug|Any CPU.ActiveCfg = Debug|Any CPU
		{E4C0BB1B-0234-4D3F-80D4-483BD89E4387}.Debug|Any CPU.Build.0 = Debug|Any CPU
		{E4C0BB1B-0234-4D3F-80D4-483BD89E4387}.Release|Any CPU.ActiveCfg = Release|Any CPU
		{E4C0BB1B-0234-4D3F-80D4-483BD89E4387}.Release|Any CPU.Build.0 = Release|Any CPU
	EndGlobalSection
	GlobalSection(SolutionProperties) = preSolution
		HideSolutionNode = FALSE
	EndGlobalSection
	GlobalSection(DPCodeReviewSolutionGUID) = preSolution
		DPCodeReviewSolutionGUID = {00000000-0000-0000-0000-000000000000}
	EndGlobalSection
EndGlobal
