
Microsoft Visual Studio Solution File, Format Version 9.00
# Visual Studio 2005
Project("{FAE04EC0-301F-11D3-BF4B-00C04F79EFBC}") = "SharePointPSSnapin", "SharePointPSProviderSnapin\SharePointPSSnapin.csproj", "{51AAA67F-C628-4003-9A86-5A1CF20EFC7E}"
EndProject
Global
	GlobalSection(TeamFoundationVersionControl) = preSolution
		SccNumberOfProjects = 2
		SccEnterpriseProvider = {4CA58AB2-18FA-4F8D-95D4-32DDF27D184C}
		SccTeamFoundationServer = https://tfs01.codeplex.com/
		SccLocalPath0 = .
		SccProjectUniqueName1 = SharePointPSProviderSnapin\\SharePointPSSnapin.csproj
		SccProjectName1 = SharePointPSProviderSnapin
		SccLocalPath1 = SharePointPSProviderSnapin
	EndGlobalSection
	GlobalSection(SolutionConfigurationPlatforms) = preSolution
		Debug|Any CPU = Debug|Any CPU
		Release|Any CPU = Release|Any CPU
	EndGlobalSection
	GlobalSection(ProjectConfigurationPlatforms) = postSolution
		{51AAA67F-C628-4003-9A86-5A1CF20EFC7E}.Debug|Any CPU.ActiveCfg = Debug|Any CPU
		{51AAA67F-C628-4003-9A86-5A1CF20EFC7E}.Debug|Any CPU.Build.0 = Debug|Any CPU
		{51AAA67F-C628-4003-9A86-5A1CF20EFC7E}.Release|Any CPU.ActiveCfg = Release|Any CPU
		{51AAA67F-C628-4003-9A86-5A1CF20EFC7E}.Release|Any CPU.Build.0 = Release|Any CPU
	EndGlobalSection
	GlobalSection(SolutionProperties) = preSolution
		HideSolutionNode = FALSE
	EndGlobalSection
EndGlobal
